
Microsoft Visual Studio Solution File, Format Version 12.00
Project("{FAE04EC0-301F-11D3-BF4B-00C04F79EFBC}") = "Hello_Console", "Hello_Console\Hello_Console.csproj", "{3CD91AAD-5663-40F8-B834-25375D77C287}"
EndProject
Project("{FAE04EC0-301F-11D3-BF4B-00C04F79EFBC}") = "Strings", "Strings\Strings.csproj", "{6599529B-536D-428E-A911-10A1A03067C8}"
EndProject
Project("{FAE04EC0-301F-11D3-BF4B-00C04F79EFBC}") = "Conversion", "Conversion\Conversion.csproj", "{A1DE905E-EE42-452F-A59F-BD41D4D334FF}"
EndProject
Project("{FAE04EC0-301F-11D3-BF4B-00C04F79EFBC}") = "Parse", "Parse\Parse.csproj", "{45167294-97A1-49EC-BA01-ABD398C4B749}"
EndProject
Project("{FAE04EC0-301F-11D3-BF4B-00C04F79EFBC}") = "Methods", "Methods\Methods.csproj", "{58B9CE0C-E988-4D7D-94F7-1745A6FE2CCF}"
EndProject
Project("{FAE04EC0-301F-11D3-BF4B-00C04F79EFBC}") = "TryCatch", "TryCatch\TryCatch.csproj", "{15B8E7EB-2A2C-4EB0-A83B-B87BAC2A15D3}"
EndProject
Project("{FAE04EC0-301F-11D3-BF4B-00C04F79EFBC}") = "Operators", "Operators\Operators.csproj", "{2604755F-BC53-413F-BD94-C635FB1CCDD4}"
EndProject
Project("{FAE04EC0-301F-11D3-BF4B-00C04F79EFBC}") = "IFELSE_switch_ternary", "IFELSE_switch_ternary\IFELSE_switch_ternary.csproj", "{CC05951E-EC9F-4F6C-B071-FF4A8CF994EA}"
EndProject
Project("{FAE04EC0-301F-11D3-BF4B-00C04F79EFBC}") = "Loops", "Loops\Loops.csproj", "{5FCA1575-661F-4DB2-9D74-33C8B218C482}"
EndProject
Project("{FAE04EC0-301F-11D3-BF4B-00C04F79EFBC}") = "OOP", "OOP\OOP.csproj", "{1970DA9E-95CE-464D-B31C-B302318F561E}"
EndProject
Project("{FAE04EC0-301F-11D3-BF4B-00C04F79EFBC}") = "COLLECTION", "COLLECTION\COLLECTION.csproj", "{2568EE35-01ED-4A78-A933-C0B3C6E8AD85}"
EndProject
Project("{FAE04EC0-301F-11D3-BF4B-00C04F79EFBC}") = "Inheritance", "Inheritance\Inheritance.csproj", "{E8A27E40-9757-4F03-9497-8A557EEEFA33}"
EndProject
Project("{FAE04EC0-301F-11D3-BF4B-00C04F79EFBC}") = "InheritanceVIrtual", "InheritanceVIrtual\InheritanceVIrtual.csproj", "{D47B8311-052C-422C-B168-E9CD1AC3E8B2}"
EndProject
Global
	GlobalSection(SolutionConfigurationPlatforms) = preSolution
		Debug|Any CPU = Debug|Any CPU
		Release|Any CPU = Release|Any CPU
	EndGlobalSection
	GlobalSection(ProjectConfigurationPlatforms) = postSolution
		{3CD91AAD-5663-40F8-B834-25375D77C287}.Debug|Any CPU.ActiveCfg = Debug|Any CPU
		{3CD91AAD-5663-40F8-B834-25375D77C287}.Debug|Any CPU.Build.0 = Debug|Any CPU
		{3CD91AAD-5663-40F8-B834-25375D77C287}.Release|Any CPU.ActiveCfg = Release|Any CPU
		{3CD91AAD-5663-40F8-B834-25375D77C287}.Release|Any CPU.Build.0 = Release|Any CPU
		{6599529B-536D-428E-A911-10A1A03067C8}.Debug|Any CPU.ActiveCfg = Debug|Any CPU
		{6599529B-536D-428E-A911-10A1A03067C8}.Debug|Any CPU.Build.0 = Debug|Any CPU
		{6599529B-536D-428E-A911-10A1A03067C8}.Release|Any CPU.ActiveCfg = Release|Any CPU
		{6599529B-536D-428E-A911-10A1A03067C8}.Release|Any CPU.Build.0 = Release|Any CPU
		{A1DE905E-EE42-452F-A59F-BD41D4D334FF}.Debug|Any CPU.ActiveCfg = Debug|Any CPU
		{A1DE905E-EE42-452F-A59F-BD41D4D334FF}.Debug|Any CPU.Build.0 = Debug|Any CPU
		{A1DE905E-EE42-452F-A59F-BD41D4D334FF}.Release|Any CPU.ActiveCfg = Release|Any CPU
		{A1DE905E-EE42-452F-A59F-BD41D4D334FF}.Release|Any CPU.Build.0 = Release|Any CPU
		{45167294-97A1-49EC-BA01-ABD398C4B749}.Debug|Any CPU.ActiveCfg = Debug|Any CPU
		{45167294-97A1-49EC-BA01-ABD398C4B749}.Debug|Any CPU.Build.0 = Debug|Any CPU
		{45167294-97A1-49EC-BA01-ABD398C4B749}.Release|Any CPU.ActiveCfg = Release|Any CPU
		{45167294-97A1-49EC-BA01-ABD398C4B749}.Release|Any CPU.Build.0 = Release|Any CPU
		{58B9CE0C-E988-4D7D-94F7-1745A6FE2CCF}.Debug|Any CPU.ActiveCfg = Debug|Any CPU
		{58B9CE0C-E988-4D7D-94F7-1745A6FE2CCF}.Debug|Any CPU.Build.0 = Debug|Any CPU
		{58B9CE0C-E988-4D7D-94F7-1745A6FE2CCF}.Release|Any CPU.ActiveCfg = Release|Any CPU
		{58B9CE0C-E988-4D7D-94F7-1745A6FE2CCF}.Release|Any CPU.Build.0 = Release|Any CPU
		{15B8E7EB-2A2C-4EB0-A83B-B87BAC2A15D3}.Debug|Any CPU.ActiveCfg = Debug|Any CPU
		{15B8E7EB-2A2C-4EB0-A83B-B87BAC2A15D3}.Debug|Any CPU.Build.0 = Debug|Any CPU
		{15B8E7EB-2A2C-4EB0-A83B-B87BAC2A15D3}.Release|Any CPU.ActiveCfg = Release|Any CPU
		{15B8E7EB-2A2C-4EB0-A83B-B87BAC2A15D3}.Release|Any CPU.Build.0 = Release|Any CPU
		{2604755F-BC53-413F-BD94-C635FB1CCDD4}.Debug|Any CPU.ActiveCfg = Debug|Any CPU
		{2604755F-BC53-413F-BD94-C635FB1CCDD4}.Debug|Any CPU.Build.0 = Debug|Any CPU
		{2604755F-BC53-413F-BD94-C635FB1CCDD4}.Release|Any CPU.ActiveCfg = Release|Any CPU
		{2604755F-BC53-413F-BD94-C635FB1CCDD4}.Release|Any CPU.Build.0 = Release|Any CPU
		{CC05951E-EC9F-4F6C-B071-FF4A8CF994EA}.Debug|Any CPU.ActiveCfg = Debug|Any CPU
		{CC05951E-EC9F-4F6C-B071-FF4A8CF994EA}.Debug|Any CPU.Build.0 = Debug|Any CPU
		{CC05951E-EC9F-4F6C-B071-FF4A8CF994EA}.Release|Any CPU.ActiveCfg = Release|Any CPU
		{CC05951E-EC9F-4F6C-B071-FF4A8CF994EA}.Release|Any CPU.Build.0 = Release|Any CPU
		{5FCA1575-661F-4DB2-9D74-33C8B218C482}.Debug|Any CPU.ActiveCfg = Debug|Any CPU
		{5FCA1575-661F-4DB2-9D74-33C8B218C482}.Debug|Any CPU.Build.0 = Debug|Any CPU
		{5FCA1575-661F-4DB2-9D74-33C8B218C482}.Release|Any CPU.ActiveCfg = Release|Any CPU
		{5FCA1575-661F-4DB2-9D74-33C8B218C482}.Release|Any CPU.Build.0 = Release|Any CPU
		{1970DA9E-95CE-464D-B31C-B302318F561E}.Debug|Any CPU.ActiveCfg = Debug|Any CPU
		{1970DA9E-95CE-464D-B31C-B302318F561E}.Debug|Any CPU.Build.0 = Debug|Any CPU
		{1970DA9E-95CE-464D-B31C-B302318F561E}.Release|Any CPU.ActiveCfg = Release|Any CPU
		{1970DA9E-95CE-464D-B31C-B302318F561E}.Release|Any CPU.Build.0 = Release|Any CPU
		{2568EE35-01ED-4A78-A933-C0B3C6E8AD85}.Debug|Any CPU.ActiveCfg = Debug|Any CPU
		{2568EE35-01ED-4A78-A933-C0B3C6E8AD85}.Debug|Any CPU.Build.0 = Debug|Any CPU
		{2568EE35-01ED-4A78-A933-C0B3C6E8AD85}.Release|Any CPU.ActiveCfg = Release|Any CPU
		{2568EE35-01ED-4A78-A933-C0B3C6E8AD85}.Release|Any CPU.Build.0 = Release|Any CPU
		{E8A27E40-9757-4F03-9497-8A557EEEFA33}.Debug|Any CPU.ActiveCfg = Debug|Any CPU
		{E8A27E40-9757-4F03-9497-8A557EEEFA33}.Debug|Any CPU.Build.0 = Debug|Any CPU
		{E8A27E40-9757-4F03-9497-8A557EEEFA33}.Release|Any CPU.ActiveCfg = Release|Any CPU
		{E8A27E40-9757-4F03-9497-8A557EEEFA33}.Release|Any CPU.Build.0 = Release|Any CPU
		{D47B8311-052C-422C-B168-E9CD1AC3E8B2}.Debug|Any CPU.ActiveCfg = Debug|Any CPU
		{D47B8311-052C-422C-B168-E9CD1AC3E8B2}.Debug|Any CPU.Build.0 = Debug|Any CPU
		{D47B8311-052C-422C-B168-E9CD1AC3E8B2}.Release|Any CPU.ActiveCfg = Release|Any CPU
		{D47B8311-052C-422C-B168-E9CD1AC3E8B2}.Release|Any CPU.Build.0 = Release|Any CPU
	EndGlobalSection
EndGlobal
